{
  "name": "classchallenge",
  "version": "1.0.0",
  "lockfileVersion": 1,
  "requires": true,
  "dependencies": {
    "google-libphonenumber": {
      "version": "3.2.5",
      "resolved": "https://registry.npmjs.org/google-libphonenumber/-/google-libphonenumber-3.2.5.tgz",
      "integrity": "sha512-Y0r7MFCI11UDLn0KaMPBEInhROyIOkWkQIyvWMFVF2I+h+sHE3vbl5a7FVe39td6u/w+nlKDdUMP9dMOZyv+2Q=="
    },
    "lodash": {
      "version": "4.17.21",
      "resolved": "https://registry.npmjs.org/lodash/-/lodash-4.17.21.tgz",
      "integrity": "sha512-v2kDEe57lecTulaDIuNTPy3Ry4gLGJ6Z1O3vE1krgXZNrsQ+LFTGHVxVjcXPs17LhbZVGedAJv8XZ1tvj5FvSg=="
    }
  }
}
